Microsoft Visual Studio Solution File, Format Version 12.00
# Visual Studio Version 17
VisualStudioVersion = 17.0.31903.59
MinimumVisualStudioVersion = 10.0.40219.1
Project("{FAE04EC0-301F-11D3-BF4B-00C04F79EFBC}") = "TaskManager.API", "TaskManager.API\TaskManager.API.csproj", "{9207ED3D-E3DF-4CC8-A4EF-69040D832C4B}"
EndProject
Project("{FAE04EC0-301F-11D3-BF4B-00C04F79EFBC}") = "TaskManager.Application", "TaskManager.Application\TaskManager.Application.csproj", "{2663169D-FBCC-4A9B-8002-510BEC550BF3}"
EndProject
Project("{FAE04EC0-301F-11D3-BF4B-00C04F79EFBC}") = "TaskManager.Domain", "TaskManager.Domain\TaskManager.Domain.csproj", "{185C0C6E-8B28-4AC1-91E9-FB8A2541D105}"
EndProject
Project("{FAE04EC0-301F-11D3-BF4B-00C04F79EFBC}") = "TaskManager.Infrastructure", "TaskManager.Infrastructure\TaskManager.Infrastructure.csproj", "{295D9496-CCE7-4685-B38F-26EF393B5C71}"
EndProject
Global
	GlobalSection(SolutionConfigurationPlatforms) = preSolution
		Debug|Any CPU = Debug|Any CPU
		Release|Any CPU = Release|Any CPU
	EndGlobalSection
	GlobalSection(ProjectConfigurationPlatforms) = postSolution
		{9207ED3D-E3DF-4CC8-A4EF-69040D832C4B}.Debug|Any CPU.ActiveCfg = Debug|Any CPU
		{9207ED3D-E3DF-4CC8-A4EF-69040D832C4B}.Debug|Any CPU.Build.0 = Debug|Any CPU
		{9207ED3D-E3DF-4CC8-A4EF-69040D832C4B}.Release|Any CPU.ActiveCfg = Release|Any CPU
		{9207ED3D-E3DF-4CC8-A4EF-69040D832C4B}.Release|Any CPU.Build.0 = Release|Any CPU
		{2663169D-FBCC-4A9B-8002-510BEC550BF3}.Debug|Any CPU.ActiveCfg = Debug|Any CPU
		{2663169D-FBCC-4A9B-8002-510BEC550BF3}.Debug|Any CPU.Build.0 = Debug|Any CPU
		{2663169D-FBCC-4A9B-8002-510BEC550BF3}.Release|Any CPU.ActiveCfg = Release|Any CPU
		{2663169D-FBCC-4A9B-8002-510BEC550BF3}.Release|Any CPU.Build.0 = Release|Any CPU
		{185C0C6E-8B28-4AC1-91E9-FB8A2541D105}.Debug|Any CPU.ActiveCfg = Debug|Any CPU
		{185C0C6E-8B28-4AC1-91E9-FB8A2541D105}.Debug|Any CPU.Build.0 = Debug|Any CPU
		{185C0C6E-8B28-4AC1-91E9-FB8A2541D105}.Release|Any CPU.ActiveCfg = Release|Any CPU
		{185C0C6E-8B28-4AC1-91E9-FB8A2541D105}.Release|Any CPU.Build.0 = Release|Any CPU
		{295D9496-CCE7-4685-B38F-26EF393B5C71}.Debug|Any CPU.ActiveCfg = Debug|Any CPU
		{295D9496-CCE7-4685-B38F-26EF393B5C71}.Debug|Any CPU.Build.0 = Debug|Any CPU
		{295D9496-CCE7-4685-B38F-26EF393B5C71}.Release|Any CPU.ActiveCfg = Release|Any CPU
		{295D9496-CCE7-4685-B38F-26EF393B5C71}.Release|Any CPU.Build.0 = Release|Any CPU
	EndGlobalSection
	GlobalSection(SolutionProperties) = preSolution
		HideSolutionNode = FALSE
	EndGlobalSection
EndGlobal
